
Microsoft Visual Studio Solution File, Format Version 12.00
# Visual Studio Version 17
VisualStudioVersion = 17.2.32519.379
MinimumVisualStudioVersion = 10.0.40219.1
Project("{FAE04EC0-301F-11D3-BF4B-00C04F79EFBC}") = "Cadastros", "Cadastros\Cadastros.csproj", "{36342C68-C36A-4CFD-B11E-35083B94A555}"
EndProject
Global
	GlobalSection(SolutionConfigurationPlatforms) = preSolution
		Debug|Any CPU = Debug|Any CPU
		Release|Any CPU = Release|Any CPU
	EndGlobalSection
	GlobalSection(ProjectConfigurationPlatforms) = postSolution
		{36342C68-C36A-4CFD-B11E-35083B94A555}.Debug|Any CPU.ActiveCfg = Debug|Any CPU
		{36342C68-C36A-4CFD-B11E-35083B94A555}.Debug|Any CPU.Build.0 = Debug|Any CPU
		{36342C68-C36A-4CFD-B11E-35083B94A555}.Release|Any CPU.ActiveCfg = Release|Any CPU
		{36342C68-C36A-4CFD-B11E-35083B94A555}.Release|Any CPU.Build.0 = Release|Any CPU
	EndGlobalSection
	GlobalSection(SolutionProperties) = preSolution
		HideSolutionNode = FALSE
	EndGlobalSection
	GlobalSection(ExtensibilityGlobals) = postSolution
		SolutionGuid = {A055E69C-2BA1-4201-BCD4-9A556045E736}
	EndGlobalSection
EndGlobal
